
Microsoft Visual Studio Solution File, Format Version 12.00
# Visual Studio Version 17
VisualStudioVersion = 17.7.34009.444
MinimumVisualStudioVersion = 10.0.40219.1
Project("{9A19103F-16F7-4668-BE54-9A1E7A4F7556}") = "CleanCodeLaboration", "CleanCodeLaboration\CleanCodeLaboration.csproj", "{013081C1-1AC8-4F5B-9104-327023287E99}"
EndProject
Project("{FAE04EC0-301F-11D3-BF4B-00C04F79EFBC}") = "CleanCodeLaborationTest", "CleanCodeLaborationTest\CleanCodeLaborationTest.csproj", "{CD6DD8A3-5C89-4882-815A-AA2D3D411083}"
EndProject
Global
	GlobalSection(SolutionConfigurationPlatforms) = preSolution
		Debug|Any CPU = Debug|Any CPU
		Release|Any CPU = Release|Any CPU
	EndGlobalSection
	GlobalSection(ProjectConfigurationPlatforms) = postSolution
		{013081C1-1AC8-4F5B-9104-327023287E99}.Debug|Any CPU.ActiveCfg = Debug|Any CPU
		{013081C1-1AC8-4F5B-9104-327023287E99}.Debug|Any CPU.Build.0 = Debug|Any CPU
		{013081C1-1AC8-4F5B-9104-327023287E99}.Release|Any CPU.ActiveCfg = Release|Any CPU
		{013081C1-1AC8-4F5B-9104-327023287E99}.Release|Any CPU.Build.0 = Release|Any CPU
		{CD6DD8A3-5C89-4882-815A-AA2D3D411083}.Debug|Any CPU.ActiveCfg = Debug|Any CPU
		{CD6DD8A3-5C89-4882-815A-AA2D3D411083}.Debug|Any CPU.Build.0 = Debug|Any CPU
		{CD6DD8A3-5C89-4882-815A-AA2D3D411083}.Release|Any CPU.ActiveCfg = Release|Any CPU
		{CD6DD8A3-5C89-4882-815A-AA2D3D411083}.Release|Any CPU.Build.0 = Release|Any CPU
	EndGlobalSection
	GlobalSection(SolutionProperties) = preSolution
		HideSolutionNode = FALSE
	EndGlobalSection
	GlobalSection(ExtensibilityGlobals) = postSolution
		SolutionGuid = {47B2B07E-B44B-4E96-8751-27C3954CF3B1}
	EndGlobalSection
EndGlobal
